PODS:
  - iCarousel (1.8.1)
  - pop (1.0.7)
  - SDWebImage (3.7.1):
    - SDWebImage/Core
  - SDWebImage/Core (3.7.1)

DEPENDENCIES:
  - iCarousel
  - pop
  - SDWebImage

SPEC CHECKSUMS:
  iCarousel: 5acab560f10dc13da2440c89f35a0ad278b5147d
  pop: 2f14a1ea61339767af9e66741b418c831b3844df
  SDWebImage: 116e88633b5b416ea0ca4b334a4ac59cf72dd38d

COCOAPODS: 0.34.4
